{
  "name": "@edenjs/user",
  "version": "1.0.0",
  "lockfileVersion": 1,
  "requires": true,
  "dependencies": {
    "@edenjs/admin": {
      "version": "1.0.0",
      "resolved": "https://registry.npmjs.org/@edenjs/admin/-/admin-1.0.0.tgz",
      "integrity": "sha512-BwDJ7XbzGhD9UERd9ue3UDacxhOMdjEvdk2+o5YrNNrAbP36B0Xh/QlIGipAng1+NOxE2/B92nffvV4Wn0KN+Q=="
    },
    "@edenjs/grid": {
      "version": "1.0.0",
      "resolved": "https://registry.npmjs.org/@edenjs/grid/-/grid-1.0.0.tgz",
      "integrity": "sha512-GFBZRYZkkXiID5uHNuriBAD2prQtu3D4uRf4IroypXqUFHUdhOP/ulwHc4VrDJhi6xRkj3ZSLjqKsiVY++XtUw=="
    },
    "dot-prop-immutable": {
      "version": "1.5.0",
      "resolved": "https://registry.npmjs.org/dot-prop-immutable/-/dot-prop-immutable-1.5.0.tgz",
      "integrity": "sha512-YcnAEqxtJSect/W3taJeMkKhDrL7NzzvgKlJ515m5aGxJBJpzetXf0wZbGapdrBNwAItWvb4sOn+jX0RBYYM1g=="
    },
    "escape-string-regexp": {
      "version": "1.0.5",
      "resolved": "https://registry.npmjs.org/escape-string-regexp/-/escape-string-regexp-1.0.5.tgz",
      "integrity": "sha1-G2HAViGQqN/2rjuyzwIAyhMLhtQ="
    }
  }
}
